{
  "projects": [
    {
      "projectId": "dErDvWPnyKvMfD5m4jpnKM",
      "version": "latest",
      "dependencies": {},
      "lang": "ts",
      "fileLocks": [
        {
          "type": "globalVariant",
          "assetId": "FTRLMKer0YEQ",
          "checksum": "53161a9f9ad3299d0db8f74ae7374a24"
        },
        {
          "assetId": "dErDvWPnyKvMfD5m4jpnKM",
          "type": "projectCss",
          "checksum": "43214a040fe57e330bd36f4f97389848"
        },
        {
          "type": "renderModule",
          "assetId": "j1wakR_PtqzS",
          "checksum": "8c27c9813ecd0737f664723cf59d661a"
        },
        {
          "type": "cssRules",
          "assetId": "j1wakR_PtqzS",
          "checksum": "8c27c9813ecd0737f664723cf59d661a"
        },
        {
          "type": "renderModule",
          "assetId": "9mok55OwiDz",
          "checksum": "7a47af3aa984edbbc0187728e431f5fa"
        },
        {
          "type": "cssRules",
          "assetId": "9mok55OwiDz",
          "checksum": "7a47af3aa984edbbc0187728e431f5fa"
        },
        {
          "type": "renderModule",
          "assetId": "GbmcqALz6wB",
          "checksum": "0b99c078b3e781ab19bbc82180fbb38f"
        },
        {
          "type": "cssRules",
          "assetId": "GbmcqALz6wB",
          "checksum": "0b99c078b3e781ab19bbc82180fbb38f"
        },
        {
          "type": "renderModule",
          "assetId": "PJxO9P8cvog",
          "checksum": "5fc4f1c46b8989f4facc1dc43b4bfeb0"
        },
        {
          "type": "cssRules",
          "assetId": "PJxO9P8cvog",
          "checksum": "5fc4f1c46b8989f4facc1dc43b4bfeb0"
        },
        {
          "type": "renderModule",
          "assetId": "ib1ew39akEPg",
          "checksum": "c0c7ff153acb3082bd4862494f653edf"
        },
        {
          "type": "cssRules",
          "assetId": "ib1ew39akEPg",
          "checksum": "c0c7ff153acb3082bd4862494f653edf"
        },
        {
          "type": "renderModule",
          "assetId": "emxQNjUI4uHX",
          "checksum": "02ecd192facda68f4b31bd3b666180e1"
        },
        {
          "type": "cssRules",
          "assetId": "emxQNjUI4uHX",
          "checksum": "02ecd192facda68f4b31bd3b666180e1"
        },
        {
          "type": "renderModule",
          "assetId": "QMZVs1ClYf9q",
          "checksum": "59f28675bcb45e48b8bbf705a20cc825"
        },
        {
          "type": "cssRules",
          "assetId": "QMZVs1ClYf9q",
          "checksum": "59f28675bcb45e48b8bbf705a20cc825"
        },
        {
          "type": "renderModule",
          "assetId": "CZauEleNtWdG",
          "checksum": "b0c62e1ffbf39199a4af4e921f136469"
        },
        {
          "type": "cssRules",
          "assetId": "CZauEleNtWdG",
          "checksum": "b0c62e1ffbf39199a4af4e921f136469"
        },
        {
          "type": "renderModule",
          "assetId": "dP2xEJNU1vI_",
          "checksum": "2ef7e4778819ebc76e3a077483bd201b"
        },
        {
          "type": "cssRules",
          "assetId": "dP2xEJNU1vI_",
          "checksum": "2ef7e4778819ebc76e3a077483bd201b"
        },
        {
          "type": "renderModule",
          "assetId": "SS2_zdaRvT6s",
          "checksum": "fafb5f5ce760d72ea0e6f937780a6a4e"
        },
        {
          "type": "cssRules",
          "assetId": "SS2_zdaRvT6s",
          "checksum": "fafb5f5ce760d72ea0e6f937780a6a4e"
        },
        {
          "type": "renderModule",
          "assetId": "33Y-_J39Tdpq",
          "checksum": "b7cc8ba7f36452deea39d93090c146c5"
        },
        {
          "type": "cssRules",
          "assetId": "33Y-_J39Tdpq",
          "checksum": "b7cc8ba7f36452deea39d93090c146c5"
        },
        {
          "type": "renderModule",
          "assetId": "Vl_kn_zzhfTJ",
          "checksum": "a65b9050660e10417d7fdde34bea529d"
        },
        {
          "type": "cssRules",
          "assetId": "Vl_kn_zzhfTJ",
          "checksum": "a65b9050660e10417d7fdde34bea529d"
        },
        {
          "type": "renderModule",
          "assetId": "VUMwcbx6pNh_",
          "checksum": "31743ae1a1cd65e3a629249e24b54a59"
        },
        {
          "type": "cssRules",
          "assetId": "VUMwcbx6pNh_",
          "checksum": "31743ae1a1cd65e3a629249e24b54a59"
        },
        {
          "type": "renderModule",
          "assetId": "03VSjVcdHWxO",
          "checksum": "2f5403c7e2360bea3e6f88b36cdfd868"
        },
        {
          "type": "cssRules",
          "assetId": "03VSjVcdHWxO",
          "checksum": "2f5403c7e2360bea3e6f88b36cdfd868"
        },
        {
          "type": "renderModule",
          "assetId": "xbxF0x-kKlSF",
          "checksum": "72461786ba9faf7c2cab32650bc7dc67"
        },
        {
          "type": "cssRules",
          "assetId": "xbxF0x-kKlSF",
          "checksum": "72461786ba9faf7c2cab32650bc7dc67"
        },
        {
          "type": "renderModule",
          "assetId": "z75gCb4cZKTa",
          "checksum": "a30e94ab940f42ebe5d7320ec3ba4b49"
        },
        {
          "type": "cssRules",
          "assetId": "z75gCb4cZKTa",
          "checksum": "a30e94ab940f42ebe5d7320ec3ba4b49"
        },
        {
          "type": "renderModule",
          "assetId": "pdS8OvCxNCRU",
          "checksum": "158a4b566faf3d7b01ecae6a2a4fc447"
        },
        {
          "type": "cssRules",
          "assetId": "pdS8OvCxNCRU",
          "checksum": "158a4b566faf3d7b01ecae6a2a4fc447"
        },
        {
          "type": "renderModule",
          "assetId": "Z_VPSIz8jnw8",
          "checksum": "fadf4a5c38b7de1e6a229ebbb0e1589f"
        },
        {
          "type": "cssRules",
          "assetId": "Z_VPSIz8jnw8",
          "checksum": "fadf4a5c38b7de1e6a229ebbb0e1589f"
        },
        {
          "type": "renderModule",
          "assetId": "ZY2BpC27U-_T",
          "checksum": "2d88251f693a1f39794d2cd4b4e88509"
        },
        {
          "type": "cssRules",
          "assetId": "ZY2BpC27U-_T",
          "checksum": "2d88251f693a1f39794d2cd4b4e88509"
        },
        {
          "type": "renderModule",
          "assetId": "UYoUpkQdW6wU",
          "checksum": "e6e4ec77c259cc507427266b409f9e68"
        },
        {
          "type": "cssRules",
          "assetId": "UYoUpkQdW6wU",
          "checksum": "e6e4ec77c259cc507427266b409f9e68"
        },
        {
          "type": "icon",
          "assetId": "OxBpFUQdtlgI",
          "checksum": "e8ea220ed2eb145e6bc67340c7bb161e"
        },
        {
          "type": "icon",
          "assetId": "b9qUPcSJMbtf",
          "checksum": "7f717c44332b1c070f976c781536a1e7"
        },
        {
          "type": "icon",
          "assetId": "4O64HH73nWu6",
          "checksum": "50366831f778ea806a9311ac111faf8a"
        },
        {
          "type": "icon",
          "assetId": "ttMgQq8fFo-D",
          "checksum": "977c16c6ed0cd65086b8d73fdcf01326"
        },
        {
          "type": "icon",
          "assetId": "ps7eTn4tBj9r",
          "checksum": "fae79d723c0805a83e6a00ab351c17e3"
        },
        {
          "type": "icon",
          "assetId": "D15p1XzMT_GR",
          "checksum": "e57822597ceb6c7f63d5750d2a53007b"
        },
        {
          "type": "icon",
          "assetId": "7nvW-xt9w4e3",
          "checksum": "ad134f1e0e9618eaed48b72c37bce43b"
        },
        {
          "type": "icon",
          "assetId": "28POkMxiqpaI",
          "checksum": "dc94c24547aef9e01b63412758a2608c"
        },
        {
          "type": "icon",
          "assetId": "eMHSbaXSPmMp",
          "checksum": "df0285a899ed3905a4f172223461c787"
        },
        {
          "type": "icon",
          "assetId": "6Q7xxQqUACKK",
          "checksum": "dddb2907d565d071cc92c88a247544c3"
        },
        {
          "type": "icon",
          "assetId": "AZluiqNFTRCR",
          "checksum": "d563715bdd7f9f6926560037358bd4b0"
        },
        {
          "type": "icon",
          "assetId": "3GbaBKeXSUMQ",
          "checksum": "6a78ba9b84b05133b091a88234296f75"
        },
        {
          "type": "icon",
          "assetId": "bNYoGXg5OGUz",
          "checksum": "b22240847f9f08d09ed7c52d37f4cf66"
        },
        {
          "type": "icon",
          "assetId": "s1vhHT8lNgiK",
          "checksum": "40d5b3c6e361fac5ae6c16b8a9ab5110"
        },
        {
          "type": "icon",
          "assetId": "fXcQg1Sr53rT",
          "checksum": "94d57d367531af7cc6057a297a0fbdf4"
        },
        {
          "type": "icon",
          "assetId": "x13KyIh9UjOV",
          "checksum": "4d109e69fd2652619051679c537bf51f"
        },
        {
          "type": "icon",
          "assetId": "XPykwV_A9Xmt",
          "checksum": "67cccc4bc58997244c004b136a92bab2"
        },
        {
          "type": "icon",
          "assetId": "YUT6NTkYHtsO",
          "checksum": "32f204d4294db0b395444ac334aab208"
        },
        {
          "type": "icon",
          "assetId": "YyEiuYFv5Kzp",
          "checksum": "9f18486f6a074f79e70838459cd242b8"
        },
        {
          "type": "icon",
          "assetId": "5b5lYzP_dOJv",
          "checksum": "ac1c8cc128e681ceaa96d220e843da0d"
        },
        {
          "type": "icon",
          "assetId": "e9trinxXdIE1",
          "checksum": "e530726c38322278c0eaac6d6ea8932d"
        },
        {
          "type": "icon",
          "assetId": "7t99IwGbAXWY",
          "checksum": "b4bff0ecec042433d4466d1f0f23ec61"
        },
        {
          "type": "icon",
          "assetId": "BVDjg4LGCJE0",
          "checksum": "6eae8f2ebea06e15f8eae0158176da2d"
        },
        {
          "type": "icon",
          "assetId": "xyPyd99u4YK8",
          "checksum": "4e69eb71436b2615999b091a97a4af34"
        },
        {
          "type": "icon",
          "assetId": "NK9dMzl45Mlw",
          "checksum": "3d540f317c512603f49de408acb55aab"
        },
        {
          "type": "icon",
          "assetId": "9AzX_ubb0lPN",
          "checksum": "caf817a9faad85d408de773e3eff1acd"
        },
        {
          "type": "icon",
          "assetId": "F0zIJDdyRlGN",
          "checksum": "4a1eb0d730fbacfa84d7b6d62aee9b0b"
        },
        {
          "type": "icon",
          "assetId": "aHhWKywRdJ8k",
          "checksum": "2c66847ee40bf143970dfff037d772cf"
        },
        {
          "type": "icon",
          "assetId": "vzJs1SXPsCXC",
          "checksum": "7872007d2da9d1c4968bd0342c43f2cb"
        },
        {
          "type": "icon",
          "assetId": "ToXhGmWMQ4zq",
          "checksum": "a0e0c42a77eca51df9128786f4dbdf45"
        },
        {
          "type": "icon",
          "assetId": "e8umbXX-AZ9M",
          "checksum": "8281a0901e0331338517ce294d5e384f"
        },
        {
          "type": "icon",
          "assetId": "BOWP2MXPnwYA",
          "checksum": "237276618be4ec5df108c28253cb10af"
        },
        {
          "type": "icon",
          "assetId": "FxMH_h2WCBad",
          "checksum": "8c7af58dd9c80af11fd5cf2a63b181b4"
        },
        {
          "type": "icon",
          "assetId": "TwCqCcCBal06",
          "checksum": "e29a06c5b0554a18ac984e2ea69bdb67"
        },
        {
          "type": "icon",
          "assetId": "lKbprLrCMZ1j",
          "checksum": "62e474fd688f290e68829940c05a1388"
        },
        {
          "type": "icon",
          "assetId": "sQ-4zk9KXgMU",
          "checksum": "c1b05521eccb8450176644cb6ba0c09c"
        },
        {
          "type": "icon",
          "assetId": "iptmWUAIuCVO",
          "checksum": "6ab85b769d3f4c765cde2547dbf8e536"
        },
        {
          "type": "icon",
          "assetId": "sWeAdMr_nuqh",
          "checksum": "0c0b2ecb701e9e866f307239fd9034dd"
        },
        {
          "type": "icon",
          "assetId": "axvoQbJrTGHm",
          "checksum": "cdb72b4e1716246aad33b4fc44852566"
        },
        {
          "type": "image",
          "assetId": "u6wglmNyzGMS",
          "checksum": "4072c84f8e82bfbc84fc075c06c60f1b"
        },
        {
          "type": "image",
          "assetId": "-rYm7Wq0MR2_",
          "checksum": "1a649506de733c318baf0abd81d1dc6f"
        },
        {
          "type": "image",
          "assetId": "yORdpf6vOVvD",
          "checksum": "6fc6b487f2d5043df1021c2ec9325ad8"
        },
        {
          "type": "image",
          "assetId": "xz115-lnf0b_",
          "checksum": "9c247e43ada3027e1c1464160694d808"
        },
        {
          "type": "image",
          "assetId": "gF2Eh16xtIoE",
          "checksum": "0d7d9e8be8fc2aae3d6ee7a9b00ffaca"
        },
        {
          "type": "image",
          "assetId": "DYRWTYfqcsmg",
          "checksum": "6eadb7417441c71480fd03bc00a539d7"
        },
        {
          "type": "image",
          "assetId": "5NzAkmiwj4js",
          "checksum": "facf33566669853fc0a4ab1ba63b00c6"
        },
        {
          "type": "image",
          "assetId": "mCV0k9zw_jvv",
          "checksum": "9be05b836886fd2f5c12a6780b079af8"
        },
        {
          "type": "image",
          "assetId": "LbmYEqY2iLJH",
          "checksum": "e29fe84fbc81eabbb534f9f07f17cf40"
        },
        {
          "type": "image",
          "assetId": "fPrGhycZijV5",
          "checksum": "ae88045e7818996f8c9f289ebfbeee3a"
        },
        {
          "type": "image",
          "assetId": "D_XL8aT5LzOp",
          "checksum": "fbdd38537dd80d9d715880fd7b0cb004"
        },
        {
          "type": "image",
          "assetId": "hQNhklLLi0C-",
          "checksum": "f81fac2f78202a7afd149debdc25f732"
        },
        {
          "type": "image",
          "assetId": "3f972hTSIMQg",
          "checksum": "d8b3d6896d2898a9985f0c77822a3237"
        },
        {
          "type": "image",
          "assetId": "fLWDrLXb2BzP",
          "checksum": "5bfc11234b6b8d83107add60e8494cf4"
        },
        {
          "type": "image",
          "assetId": "OPM4NFTsSDKM",
          "checksum": "031663c222b94408d4e05daa94a3852e"
        },
        {
          "type": "image",
          "assetId": "KMh44iVarfKk",
          "checksum": "4c78a24430f025c2b85408624e762dee"
        },
        {
          "type": "image",
          "assetId": "PLKFVcddNtQM",
          "checksum": "c75513417a11f88f99fad322a478474d"
        },
        {
          "type": "image",
          "assetId": "LbQf1J5-WU8E",
          "checksum": "4c6e2afd380c9f8861dc42e1e45f4fb0"
        },
        {
          "type": "image",
          "assetId": "QzTXR-ycHlV3",
          "checksum": "27cc9aaa0445feef9a319f6618066337"
        },
        {
          "type": "image",
          "assetId": "XEG65SnLo4f_",
          "checksum": "95e0673727808dc0f8fea893c1fa71c1"
        },
        {
          "type": "image",
          "assetId": "4lclvyLFSQWi",
          "checksum": "70beddc83800d7aa63ceb7e1afba09fa"
        },
        {
          "type": "image",
          "assetId": "tU-7XhBMuXAp",
          "checksum": "da3601b05e54e192d13888a5ab1ffbf3"
        },
        {
          "type": "image",
          "assetId": "qsncwIzcio_V",
          "checksum": "c3e230abe408275954177f41967631e2"
        },
        {
          "type": "image",
          "assetId": "HKtjupTj9KhX",
          "checksum": "cb591d5c63a2318c944652df1ee801b9"
        },
        {
          "type": "image",
          "assetId": "AV2zE6wfzoP6",
          "checksum": "02915375f4fd310d85d256e3df42e9e2"
        },
        {
          "type": "image",
          "assetId": "OAU3SUglw2J8",
          "checksum": "f59cf2f38d89b1c27f74517ca6c76e13"
        },
        {
          "type": "image",
          "assetId": "Rg49Hz7sC3PL",
          "checksum": "689f07b2ac2ceac4d3a8b98e60448fe1"
        },
        {
          "type": "image",
          "assetId": "ucW4JdbCUZCG",
          "checksum": "b3fff36acd4239b3186946364e2d1df7"
        },
        {
          "type": "image",
          "assetId": "gGiS3ZR4kC0F",
          "checksum": "d6b92ebed882198036a6d594a85d21c2"
        },
        {
          "type": "image",
          "assetId": "t1bg_0D_xAcV",
          "checksum": "1d909ee9153aab70f5a85d9ee18c13b5"
        },
        {
          "type": "image",
          "assetId": "_IwwiwUU6GRJ",
          "checksum": "117fcfa3147111949fd177104b13dd61"
        },
        {
          "type": "image",
          "assetId": "haV0_JK3yCbv",
          "checksum": "487a2a50058e65685d863238df095f0f"
        }
      ]
    }
  ],
  "cliVersion": "0.1.166"
}
